// !$*UTF8*$!
{
	archiveVersion = 1;
	classes = {
	};
	objectVersion = 56;
	objects = {

/* Begin PBXBuildFile section */
		7C4BB5C42AD16E5400198C72 /* LaunchScreen.storyboard in Resources */ = {isa = PBXBuildFile; fileRef = 7C4BB5C32AD16E5400198C72 /* LaunchScreen.storyboard */; };
		7C4BB5C62AD16EBC00198C72 /* Assets.xcassets in Resources */ = {isa = PBXBuildFile; fileRef = 7C4BB5C52AD16EBC00198C72 /* Assets.xcassets */; };
		7C6AB49C2ACE797B00A8D29A /* threeTenView.swift in Sources */ = {isa = PBXBuildFile; fileRef = 7C6AB49B2ACE797B00A8D29A /* threeTenView.swift */; };
		7C6AB49E2ACE800200A8D29A /* MenuScreen.swift in Sources */ = {isa = PBXBuildFile; fileRef = 7C6AB49D2ACE800200A8D29A /* MenuScreen.swift */; };
		7C96F1592AD17BFD00902E97 /* MyMenuItems.swift in Sources */ = {isa = PBXBuildFile; fileRef = 7C96F1582AD17BFD00902E97 /* MyMenuItems.swift */; };
		7C96F15B2AD1871F00902E97 /* MultiLineScreen.swift in Sources */ = {isa = PBXBuildFile; fileRef = 7C96F15A2AD1871F00902E97 /* MultiLineScreen.swift */; };
		7C96F15E2AD2F6AE00902E97 /* ContentCoreData.swift in Sources */ = {isa = PBXBuildFile; fileRef = 7C96F15D2AD2F6AE00902E97 /* ContentCoreData.swift */; };
		7C96F1622AD2F90000902E97 /* Bookworm.xcdatamodeld in Sources */ = {isa = PBXBuildFile; fileRef = 7C96F1602AD2F90000902E97 /* Bookworm.xcdatamodeld */; };
		7C96F1642AD2FBE300902E97 /* DataController.swift in Sources */ = {isa = PBXBuildFile; fileRef = 7C96F1632AD2FBE300902E97 /* DataController.swift */; };
		7C96F1662AD3C63C00902E97 /* AddBookView.swift in Sources */ = {isa = PBXBuildFile; fileRef = 7C96F1652AD3C63C00902E97 /* AddBookView.swift */; };
		7C96F16A2AD50ABA00902E97 /* RatingView.swift in Sources */ = {isa = PBXBuildFile; fileRef = 7C96F1692AD50ABA00902E97 /* RatingView.swift */; };
		7C96F16C2AD51D7C00902E97 /* EmojiRatingView.swift in Sources */ = {isa = PBXBuildFile; fileRef = 7C96F16B2AD51D7C00902E97 /* EmojiRatingView.swift */; };
		7C96F16E2AD6754000902E97 /* DetailView.swift in Sources */ = {isa = PBXBuildFile; fileRef = 7C96F16D2AD6754000902E97 /* DetailView.swift */; };
		7CECF15E2ACBDFCE00D6837B /* BookwormApp.swift in Sources */ = {isa = PBXBuildFile; fileRef = 7CECF15D2ACBDFCE00D6837B /* BookwormApp.swift */; };
		7CECF1602ACBDFCE00D6837B /* ContentView.swift in Sources */ = {isa = PBXBuildFile; fileRef = 7CECF15F2ACBDFCE00D6837B /* ContentView.swift */; };
		7CECF1652ACBDFCF00D6837B /* Preview Assets.xcassets in Resources */ = {isa = PBXBuildFile; fileRef = 7CECF1642ACBDFCF00D6837B /* Preview Assets.xcassets */; };
/* End PBXBuildFile section */

/* Begin PBXFileReference section */
		7C4BB5C32AD16E5400198C72 /* LaunchScreen.storyboard */ = {isa = PBXFileReference; fileEncoding = 4; lastKnownFileType = file.storyboard; path = LaunchScreen.storyboard; sourceTree = "<group>"; };
		7C4BB5C52AD16EBC00198C72 /* Assets.xcassets */ = {isa = PBXFileReference; lastKnownFileType = folder.assetcatalog; name = Assets.xcassets; path = ../../SLEnumNavStacker/SLEnumNavStacker/Assets.xcassets; sourceTree = "<group>"; };
		7C6AB49B2ACE797B00A8D29A /* threeTenView.swift */ = {isa = PBXFileReference; lastKnownFileType = sourcecode.swift; path = threeTenView.swift; sourceTree = "<group>"; };
		7C6AB49D2ACE800200A8D29A /* MenuScreen.swift */ = {isa = PBXFileReference; lastKnownFileType = sourcecode.swift; path = MenuScreen.swift; sourceTree = "<group>"; };
		7C96F1582AD17BFD00902E97 /* MyMenuItems.swift */ = {isa = PBXFileReference; lastKnownFileType = sourcecode.swift; path = MyMenuItems.swift; sourceTree = "<group>"; };
		7C96F15A2AD1871F00902E97 /* MultiLineScreen.swift */ = {isa = PBXFileReference; lastKnownFileType = sourcecode.swift; path = MultiLineScreen.swift; sourceTree = "<group>"; };
		7C96F15D2AD2F6AE00902E97 /* ContentCoreData.swift */ = {isa = PBXFileReference; lastKnownFileType = sourcecode.swift; path = ContentCoreData.swift; sourceTree = "<group>"; };
		7C96F1612AD2F90000902E97 /* Bookworm.xcdatamodel */ = {isa = PBXFileReference; lastKnownFileType = wrapper.xcdatamodel; path = Bookworm.xcdatamodel; sourceTree = "<group>"; };
		7C96F1632AD2FBE300902E97 /* DataController.swift */ = {isa = PBXFileReference; lastKnownFileType = sourcecode.swift; path = DataController.swift; sourceTree = "<group>"; };
		7C96F1652AD3C63C00902E97 /* AddBookView.swift */ = {isa = PBXFileReference; lastKnownFileType = sourcecode.swift; path = AddBookView.swift; sourceTree = "<group>"; };
		7C96F1692AD50ABA00902E97 /* RatingView.swift */ = {isa = PBXFileReference; lastKnownFileType = sourcecode.swift; path = RatingView.swift; sourceTree = "<group>"; };
		7C96F16B2AD51D7C00902E97 /* EmojiRatingView.swift */ = {isa = PBXFileReference; lastKnownFileType = sourcecode.swift; path = EmojiRatingView.swift; sourceTree = "<group>"; };
		7C96F16D2AD6754000902E97 /* DetailView.swift */ = {isa = PBXFileReference; lastKnownFileType = sourcecode.swift; path = DetailView.swift; sourceTree = "<group>"; };
		7CECF15A2ACBDFCE00D6837B /* Bookworm.app */ = {isa = PBXFileReference; explicitFileType = wrapper.application; includeInIndex = 0; path = Bookworm.app; sourceTree = BUILT_PRODUCTS_DIR; };
		7CECF15D2ACBDFCE00D6837B /* BookwormApp.swift */ = {isa = PBXFileReference; lastKnownFileType = sourcecode.swift; path = BookwormApp.swift; sourceTree = "<group>"; };
		7CECF15F2ACBDFCE00D6837B /* ContentView.swift */ = {isa = PBXFileReference; lastKnownFileType = sourcecode.swift; path = ContentView.swift; sourceTree = "<group>"; };
		7CECF1642ACBDFCF00D6837B /* Preview Assets.xcassets */ = {isa = PBXFileReference; lastKnownFileType = folder.assetcatalog; path = "Preview Assets.xcassets"; sourceTree = "<group>"; };
/* End PBXFileReference section */

/* Begin PBXFrameworksBuildPhase section */
		7CECF1572ACBDFCE00D6837B /* Frameworks */ = {
			isa = PBXFrameworksBuildPhase;
			buildActionMask = 2147483647;
			files = (
			);
			runOnlyForDeploymentPostprocessing = 0;
		};
/* End PBXFrameworksBuildPhase section */

/* Begin PBXGroup section */
		7C6AB49A2ACE781000A8D29A /* VIEWS */ = {
			isa = PBXGroup;
			children = (
				7C6AB49D2ACE800200A8D29A /* MenuScreen.swift */,
				7C96F15C2AD189C200902E97 /* NavStackScreens */,
				7C96F1672AD50A8900902E97 /* sheet */,
				7C96F1682AD50A9E00902E97 /* component Views */,
				7C4BB5C32AD16E5400198C72 /* LaunchScreen.storyboard */,
			);
			path = VIEWS;
			sourceTree = "<group>";
		};
		7C96F15C2AD189C200902E97 /* NavStackScreens */ = {
			isa = PBXGroup;
			children = (
				7CECF15F2ACBDFCE00D6837B /* ContentView.swift */,
				7C96F15A2AD1871F00902E97 /* MultiLineScreen.swift */,
				7C6AB49B2ACE797B00A8D29A /* threeTenView.swift */,
				7C96F15D2AD2F6AE00902E97 /* ContentCoreData.swift */,
			);
			path = NavStackScreens;
			sourceTree = "<group>";
		};
		7C96F15F2AD2F8BC00902E97 /* DATA */ = {
			isa = PBXGroup;
			children = (
				7C96F1602AD2F90000902E97 /* Bookworm.xcdatamodeld */,
				7C96F1632AD2FBE300902E97 /* DataController.swift */,
			);
			path = DATA;
			sourceTree = "<group>";
		};
		7C96F1672AD50A8900902E97 /* sheet */ = {
			isa = PBXGroup;
			children = (
				7C96F1652AD3C63C00902E97 /* AddBookView.swift */,
			);
			path = sheet;
			sourceTree = "<group>";
		};
		7C96F1682AD50A9E00902E97 /* component Views */ = {
			isa = PBXGroup;
			children = (
				7C96F1582AD17BFD00902E97 /* MyMenuItems.swift */,
				7C96F1692AD50ABA00902E97 /* RatingView.swift */,
				7C96F16B2AD51D7C00902E97 /* EmojiRatingView.swift */,
				7C96F16D2AD6754000902E97 /* DetailView.swift */,
			);
			path = "component Views";
			sourceTree = "<group>";
		};
		7CECF1512ACBDFCE00D6837B = {
			isa = PBXGroup;
			children = (
				7CECF15C2ACBDFCE00D6837B /* Bookworm */,
				7CECF15B2ACBDFCE00D6837B /* Products */,
			);
			sourceTree = "<group>";
		};
		7CECF15B2ACBDFCE00D6837B /* Products */ = {
			isa = PBXGroup;
			children = (
				7CECF15A2ACBDFCE00D6837B /* Bookworm.app */,
			);
			name = Products;
			sourceTree = "<group>";
		};
		7CECF15C2ACBDFCE00D6837B /* Bookworm */ = {
			isa = PBXGroup;
			children = (
				7CECF15D2ACBDFCE00D6837B /* BookwormApp.swift */,
				7C96F15F2AD2F8BC00902E97 /* DATA */,
				7C6AB49A2ACE781000A8D29A /* VIEWS */,
				7C4BB5C52AD16EBC00198C72 /* Assets.xcassets */,
				7CECF1632ACBDFCF00D6837B /* Preview Content */,
			);
			path = Bookworm;
			sourceTree = "<group>";
		};
		7CECF1632ACBDFCF00D6837B /* Preview Content */ = {
			isa = PBXGroup;
			children = (
				7CECF1642ACBDFCF00D6837B /* Preview Assets.xcassets */,
			);
			path = "Preview Content";
			sourceTree = "<group>";
		};
/* End PBXGroup section */

/* Begin PBXNativeTarget section */
		7CECF1592ACBDFCE00D6837B /* Bookworm */ = {
			isa = PBXNativeTarget;
			buildConfigurationList = 7CECF1682ACBDFCF00D6837B /* Build configuration list for PBXNativeTarget "Bookworm" */;
			buildPhases = (
				7CECF1562ACBDFCE00D6837B /* Sources */,
				7CECF1572ACBDFCE00D6837B /* Frameworks */,
				7CECF1582ACBDFCE00D6837B /* Resources */,
			);
			buildRules = (
			);
			dependencies = (
			);
			name = Bookworm;
			productName = Bookworm;
			productReference = 7CECF15A2ACBDFCE00D6837B /* Bookworm.app */;
			productType = "com.apple.product-type.application";
		};
/* End PBXNativeTarget section */

/* Begin PBXProject section */
		7CECF1522ACBDFCE00D6837B /* Project object */ = {
			isa = PBXProject;
			attributes = {
				BuildIndependentTargetsInParallel = 1;
				LastSwiftUpdateCheck = 1500;
				LastUpgradeCheck = 1500;
				TargetAttributes = {
					7CECF1592ACBDFCE00D6837B = {
						CreatedOnToolsVersion = 15.0;
					};
				};
			};
			buildConfigurationList = 7CECF1552ACBDFCE00D6837B /* Build configuration list for PBXProject "Bookworm" */;
			compatibilityVersion = "Xcode 14.0";
			developmentRegion = en;
			hasScannedForEncodings = 0;
			knownRegions = (
				en,
				Base,
			);
			mainGroup = 7CECF1512ACBDFCE00D6837B;
			productRefGroup = 7CECF15B2ACBDFCE00D6837B /* Products */;
			projectDirPath = "";
			projectRoot = "";
			targets = (
				7CECF1592ACBDFCE00D6837B /* Bookworm */,
			);
		};
/* End PBXProject section */

/* Begin PBXResourcesBuildPhase section */
		7CECF1582ACBDFCE00D6837B /* Resources */ = {
			isa = PBXResourcesBuildPhase;
			buildActionMask = 2147483647;
			files = (
				7C4BB5C42AD16E5400198C72 /* LaunchScreen.storyboard in Resources */,
				7CECF1652ACBDFCF00D6837B /* Preview Assets.xcassets in Resources */,
				7C4BB5C62AD16EBC00198C72 /* Assets.xcassets in Resources */,
			);
			runOnlyForDeploymentPostprocessing = 0;
		};
/* End PBXResourcesBuildPhase section */

/* Begin PBXSourcesBuildPhase section */
		7CECF1562ACBDFCE00D6837B /* Sources */ = {
			isa = PBXSourcesBuildPhase;
			buildActionMask = 2147483647;
			files = (
				7C96F16A2AD50ABA00902E97 /* RatingView.swift in Sources */,
				7C6AB49E2ACE800200A8D29A /* MenuScreen.swift in Sources */,
				7CECF1602ACBDFCE00D6837B /* ContentView.swift in Sources */,
				7CECF15E2ACBDFCE00D6837B /* BookwormApp.swift in Sources */,
				7C96F16C2AD51D7C00902E97 /* EmojiRatingView.swift in Sources */,
				7C6AB49C2ACE797B00A8D29A /* threeTenView.swift in Sources */,
				7C96F1642AD2FBE300902E97 /* DataController.swift in Sources */,
				7C96F16E2AD6754000902E97 /* DetailView.swift in Sources */,
				7C96F1592AD17BFD00902E97 /* MyMenuItems.swift in Sources */,
				7C96F1622AD2F90000902E97 /* Bookworm.xcdatamodeld in Sources */,
				7C96F15B2AD1871F00902E97 /* MultiLineScreen.swift in Sources */,
				7C96F15E2AD2F6AE00902E97 /* ContentCoreData.swift in Sources */,
				7C96F1662AD3C63C00902E97 /* AddBookView.swift in Sources */,
			);
			runOnlyForDeploymentPostprocessing = 0;
		};
/* End PBXSourcesBuildPhase section */

/* Begin XCBuildConfiguration section */
		7CECF1662ACBDFCF00D6837B /* Debug */ = {
			isa = XCBuildConfiguration;
			buildSettings = {
				ALWAYS_SEARCH_USER_PATHS = NO;
				ASSETCATALOG_COMPILER_GENERATE_SWIFT_ASSET_SYMBOL_EXTENSIONS = YES;
				CLANG_ANALYZER_NONNULL = YES;
				CLANG_ANALYZER_NUMBER_OBJECT_CONVERSION = YES_AGGRESSIVE;
				CLANG_CXX_LANGUAGE_STANDARD = "gnu++20";
				CLANG_ENABLE_MODULES = YES;
				CLANG_ENABLE_OBJC_ARC = YES;
				CLANG_ENABLE_OBJC_WEAK = YES;
				CLANG_WARN_BLOCK_CAPTURE_AUTORELEASING = YES;
				CLANG_WARN_BOOL_CONVERSION = YES;
				CLANG_WARN_COMMA = YES;
				CLANG_WARN_CONSTANT_CONVERSION = YES;
				CLANG_WARN_DEPRECATED_OBJC_IMPLEMENTATIONS = YES;
				CLANG_WARN_DIRECT_OBJC_ISA_USAGE = YES_ERROR;
				CLANG_WARN_DOCUMENTATION_COMMENTS = YES;
				CLANG_WARN_EMPTY_BODY = YES;
				CLANG_WARN_ENUM_CONVERSION = YES;
				CLANG_WARN_INFINITE_RECURSION = YES;
				CLANG_WARN_INT_CONVERSION = YES;
				CLANG_WARN_NON_LITERAL_NULL_CONVERSION = YES;
				CLANG_WARN_OBJC_IMPLICIT_RETAIN_SELF = YES;
				CLANG_WARN_OBJC_LITERAL_CONVERSION = YES;
				CLANG_WARN_OBJC_ROOT_CLASS = YES_ERROR;
				CLANG_WARN_QUOTED_INCLUDE_IN_FRAMEWORK_HEADER = YES;
				CLANG_WARN_RANGE_LOOP_ANALYSIS = YES;
				CLANG_WARN_STRICT_PROTOTYPES = YES;
				CLANG_WARN_SUSPICIOUS_MOVE = YES;
				CLANG_WARN_UNGUARDED_AVAILABILITY = YES_AGGRESSIVE;
				CLANG_WARN_UNREACHABLE_CODE = YES;
				CLANG_WARN__DUPLICATE_METHOD_MATCH = YES;
				COPY_PHASE_STRIP = NO;
				DEBUG_INFORMATION_FORMAT = dwarf;
				ENABLE_STRICT_OBJC_MSGSEND = YES;
				ENABLE_TESTABILITY = YES;
				ENABLE_USER_SCRIPT_SANDBOXING = YES;
				GCC_C_LANGUAGE_STANDARD = gnu17;
				GCC_DYNAMIC_NO_PIC = NO;
				GCC_NO_COMMON_BLOCKS = YES;
				GCC_OPTIMIZATION_LEVEL = 0;
				GCC_PREPROCESSOR_DEFINITIONS = (
					"DEBUG=1",
					"$(inherited)",
				);
				GCC_WARN_64_TO_32_BIT_CONVERSION = YES;
				GCC_WARN_ABOUT_RETURN_TYPE = YES_ERROR;
				GCC_WARN_UNDECLARED_SELECTOR = YES;
				GCC_WARN_UNINITIALIZED_AUTOS = YES_AGGRESSIVE;
				GCC_WARN_UNUSED_FUNCTION = YES;
				GCC_WARN_UNUSED_VARIABLE = YES;
				IPHONEOS_DEPLOYMENT_TARGET = 17.0;
				LOCALIZATION_PREFERS_STRING_CATALOGS = YES;
				MTL_ENABLE_DEBUG_INFO = INCLUDE_SOURCE;
				MTL_FAST_MATH = YES;
				ONLY_ACTIVE_ARCH = YES;
				SDKROOT = iphoneos;
				SWIFT_ACTIVE_COMPILATION_CONDITIONS = "DEBUG $(inherited)";
				SWIFT_OPTIMIZATION_LEVEL = "-Onone";
			};
			name = Debug;
		};
		7CECF1672ACBDFCF00D6837B /* Release */ = {
			isa = XCBuildConfiguration;
			buildSettings = {
				ALWAYS_SEARCH_USER_PATHS = NO;
				ASSETCATALOG_COMPILER_GENERATE_SWIFT_ASSET_SYMBOL_EXTENSIONS = YES;
				CLANG_ANALYZER_NONNULL = YES;
				CLANG_ANALYZER_NUMBER_OBJECT_CONVERSION = YES_AGGRESSIVE;
				CLANG_CXX_LANGUAGE_STANDARD = "gnu++20";
				CLANG_ENABLE_MODULES = YES;
				CLANG_ENABLE_OBJC_ARC = YES;
				CLANG_ENABLE_OBJC_WEAK = YES;
				CLANG_WARN_BLOCK_CAPTURE_AUTORELEASING = YES;
				CLANG_WARN_BOOL_CONVERSION = YES;
				CLANG_WARN_COMMA = YES;
				CLANG_WARN_CONSTANT_CONVERSION = YES;
				CLANG_WARN_DEPRECATED_OBJC_IMPLEMENTATIONS = YES;
				CLANG_WARN_DIRECT_OBJC_ISA_USAGE = YES_ERROR;
				CLANG_WARN_DOCUMENTATION_COMMENTS = YES;
				CLANG_WARN_EMPTY_BODY = YES;
				CLANG_WARN_ENUM_CONVERSION = YES;
				CLANG_WARN_INFINITE_RECURSION = YES;
				CLANG_WARN_INT_CONVERSION = YES;
				CLANG_WARN_NON_LITERAL_NULL_CONVERSION = YES;
				CLANG_WARN_OBJC_IMPLICIT_RETAIN_SELF = YES;
				CLANG_WARN_OBJC_LITERAL_CONVERSION = YES;
				CLANG_WARN_OBJC_ROOT_CLASS = YES_ERROR;
				CLANG_WARN_QUOTED_INCLUDE_IN_FRAMEWORK_HEADER = YES;
				CLANG_WARN_RANGE_LOOP_ANALYSIS = YES;
				CLANG_WARN_STRICT_PROTOTYPES = YES;
				CLANG_WARN_SUSPICIOUS_MOVE = YES;
				CLANG_WARN_UNGUARDED_AVAILABILITY = YES_AGGRESSIVE;
				CLANG_WARN_UNREACHABLE_CODE = YES;
				CLANG_WARN__DUPLICATE_METHOD_MATCH = YES;
				COPY_PHASE_STRIP = NO;
				DEBUG_INFORMATION_FORMAT = "dwarf-with-dsym";
				ENABLE_NS_ASSERTIONS = NO;
				ENABLE_STRICT_OBJC_MSGSEND = YES;
				ENABLE_USER_SCRIPT_SANDBOXING = YES;
				GCC_C_LANGUAGE_STANDARD = gnu17;
				GCC_NO_COMMON_BLOCKS = YES;
				GCC_WARN_64_TO_32_BIT_CONVERSION = YES;
				GCC_WARN_ABOUT_RETURN_TYPE = YES_ERROR;
				GCC_WARN_UNDECLARED_SELECTOR = YES;
				GCC_WARN_UNINITIALIZED_AUTOS = YES_AGGRESSIVE;
				GCC_WARN_UNUSED_FUNCTION = YES;
				GCC_WARN_UNUSED_VARIABLE = YES;
				IPHONEOS_DEPLOYMENT_TARGET = 17.0;
				LOCALIZATION_PREFERS_STRING_CATALOGS = YES;
				MTL_ENABLE_DEBUG_INFO = NO;
				MTL_FAST_MATH = YES;
				SDKROOT = iphoneos;
				SWIFT_COMPILATION_MODE = wholemodule;
				VALIDATE_PRODUCT = YES;
			};
			name = Release;
		};
		7CECF1692ACBDFCF00D6837B /* Debug */ = {
			isa = XCBuildConfiguration;
			buildSettings = {
				ASSETCATALOG_COMPILER_APPICON_NAME = AppIcon;
				ASSETCATALOG_COMPILER_GLOBAL_ACCENT_COLOR_NAME = AccentColor;
				CODE_SIGN_STYLE = Automatic;
				CURRENT_PROJECT_VERSION = 1;
				DEVELOPMENT_ASSET_PATHS = "\"Bookworm/Preview Content\"";
				DEVELOPMENT_TEAM = 26ZTB6MRV7;
				ENABLE_PREVIEWS = YES;
				GENERATE_INFOPLIST_FILE = YES;
				INFOPLIST_KEY_CFBundleDisplayName = BookWorm;
				INFOPLIST_KEY_LSApplicationCategoryType = "public.app-category.education";
				INFOPLIST_KEY_UIApplicationSceneManifest_Generation = YES;
				INFOPLIST_KEY_UIApplicationSupportsIndirectInputEvents = YES;
				INFOPLIST_KEY_UILaunchScreen_Generation = YES;
				INFOPLIST_KEY_UILaunchStoryboardName = LaunchScreen.storyboard;
				INFOPLIST_KEY_UISupportedInterfaceOrientations_iPad = "UIInterfaceOrientationPortrait UIInterfaceOrientationPortraitUpsideDown UIInterfaceOrientationLandscapeLeft UIInterfaceOrientationLandscapeRight";
				INFOPLIST_KEY_UISupportedInterfaceOrientations_iPhone = "UIInterfaceOrientationPortrait UIInterfaceOrientationLandscapeLeft UIInterfaceOrientationLandscapeRight";
				LD_RUNPATH_SEARCH_PATHS = (
					"$(inherited)",
					"@executable_path/Frameworks",
				);
				MARKETING_VERSION = 1.0;
				PRODUCT_BUNDLE_IDENTIFIER = YNML.Bookworm;
				PRODUCT_NAME = "$(TARGET_NAME)";
				SWIFT_EMIT_LOC_STRINGS = YES;
				SWIFT_VERSION = 5.0;
				TARGETED_DEVICE_FAMILY = "1,2";
			};
			name = Debug;
		};
		7CECF16A2ACBDFCF00D6837B /* Release */ = {
			isa = XCBuildConfiguration;
			buildSettings = {
				ASSETCATALOG_COMPILER_APPICON_NAME = AppIcon;
				ASSETCATALOG_COMPILER_GLOBAL_ACCENT_COLOR_NAME = AccentColor;
				CODE_SIGN_STYLE = Automatic;
				CURRENT_PROJECT_VERSION = 1;
				DEVELOPMENT_ASSET_PATHS = "\"Bookworm/Preview Content\"";
				DEVELOPMENT_TEAM = 26ZTB6MRV7;
				ENABLE_PREVIEWS = YES;
				GENERATE_INFOPLIST_FILE = YES;
				INFOPLIST_KEY_CFBundleDisplayName = BookWorm;
				INFOPLIST_KEY_LSApplicationCategoryType = "public.app-category.education";
				INFOPLIST_KEY_UIApplicationSceneManifest_Generation = YES;
				INFOPLIST_KEY_UIApplicationSupportsIndirectInputEvents = YES;
				INFOPLIST_KEY_UILaunchScreen_Generation = YES;
				INFOPLIST_KEY_UILaunchStoryboardName = LaunchScreen.storyboard;
				INFOPLIST_KEY_UISupportedInterfaceOrientations_iPad = "UIInterfaceOrientationPortrait UIInterfaceOrientationPortraitUpsideDown UIInterfaceOrientationLandscapeLeft UIInterfaceOrientationLandscapeRight";
				INFOPLIST_KEY_UISupportedInterfaceOrientations_iPhone = "UIInterfaceOrientationPortrait UIInterfaceOrientationLandscapeLeft UIInterfaceOrientationLandscapeRight";
				LD_RUNPATH_SEARCH_PATHS = (
					"$(inherited)",
					"@executable_path/Frameworks",
				);
				MARKETING_VERSION = 1.0;
				PRODUCT_BUNDLE_IDENTIFIER = YNML.Bookworm;
				PRODUCT_NAME = "$(TARGET_NAME)";
				SWIFT_EMIT_LOC_STRINGS = YES;
				SWIFT_VERSION = 5.0;
				TARGETED_DEVICE_FAMILY = "1,2";
			};
			name = Release;
		};
/* End XCBuildConfiguration section */

/* Begin XCConfigurationList section */
		7CECF1552ACBDFCE00D6837B /* Build configuration list for PBXProject "Bookworm" */ = {
			isa = XCConfigurationList;
			buildConfigurations = (
				7CECF1662ACBDFCF00D6837B /* Debug */,
				7CECF1672ACBDFCF00D6837B /* Release */,
			);
			defaultConfigurationIsVisible = 0;
			defaultConfigurationName = Release;
		};
		7CECF1682ACBDFCF00D6837B /* Build configuration list for PBXNativeTarget "Bookworm" */ = {
			isa = XCConfigurationList;
			buildConfigurations = (
				7CECF1692ACBDFCF00D6837B /* Debug */,
				7CECF16A2ACBDFCF00D6837B /* Release */,
			);
			defaultConfigurationIsVisible = 0;
			defaultConfigurationName = Release;
		};
/* End XCConfigurationList section */

/* Begin XCVersionGroup section */
		7C96F1602AD2F90000902E97 /* Bookworm.xcdatamodeld */ = {
			isa = XCVersionGroup;
			children = (
				7C96F1612AD2F90000902E97 /* Bookworm.xcdatamodel */,
			);
			currentVersion = 7C96F1612AD2F90000902E97 /* Bookworm.xcdatamodel */;
			path = Bookworm.xcdatamodeld;
			sourceTree = "<group>";
			versionGroupType = wrapper.xcdatamodel;
		};
/* End XCVersionGroup section */
	};
	rootObject = 7CECF1522ACBDFCE00D6837B /* Project object */;
}
